// !$*UTF8*$!
{
	archiveVersion = 1;
	classes = {
	};
	objectVersion = 56;
	objects = {

/* Begin PBXBuildFile section */
		453088492AD3D3AD003ED70E /* AppDelegate.swift in Sources */ = {isa = PBXBuildFile; fileRef = 453088482AD3D3AD003ED70E /* AppDelegate.swift */; };
		4530884B2AD3D3AD003ED70E /* SceneDelegate.swift in Sources */ = {isa = PBXBuildFile; fileRef = 4530884A2AD3D3AD003ED70E /* SceneDelegate.swift */; };
		4530884D2AD3D3AD003ED70E /* ViewController.swift in Sources */ = {isa = PBXBuildFile; fileRef = 4530884C2AD3D3AD003ED70E /* ViewController.swift */; };
		453088502AD3D3AD003ED70E /* Main.storyboard in Resources */ = {isa = PBXBuildFile; fileRef = 4530884E2AD3D3AD003ED70E /* Main.storyboard */; };
		453088532AD3D3AD003ED70E /* Starbooks.xcdatamodeld in Sources */ = {isa = PBXBuildFile; fileRef = 453088512AD3D3AD003ED70E /* Starbooks.xcdatamodeld */; };
		453088552AD3D3AE003ED70E /* Assets.xcassets in Resources */ = {isa = PBXBuildFile; fileRef = 453088542AD3D3AE003ED70E /* Assets.xcassets */; };
		453088582AD3D3AE003ED70E /* LaunchScreen.storyboard in Resources */ = {isa = PBXBuildFile; fileRef = 453088562AD3D3AE003ED70E /* LaunchScreen.storyboard */; };
		453088632AD3D3AE003ED70E /* StarbooksTests.swift in Sources */ = {isa = PBXBuildFile; fileRef = 453088622AD3D3AE003ED70E /* StarbooksTests.swift */; };
		4530886D2AD3D3AE003ED70E /* StarbooksUITests.swift in Sources */ = {isa = PBXBuildFile; fileRef = 4530886C2AD3D3AE003ED70E /* StarbooksUITests.swift */; };
		4530886F2AD3D3AE003ED70E /* StarbooksUITestsLaunchTests.swift in Sources */ = {isa = PBXBuildFile; fileRef = 4530886E2AD3D3AE003ED70E /* StarbooksUITestsLaunchTests.swift */; };
/* End PBXBuildFile section */

/* Begin PBXContainerItemProxy section */
		4530885F2AD3D3AE003ED70E /* PBXContainerItemProxy */ = {
			isa = PBXContainerItemProxy;
			containerPortal = 4530883D2AD3D3AD003ED70E /* Project object */;
			proxyType = 1;
			remoteGlobalIDString = 453088442AD3D3AD003ED70E;
			remoteInfo = Starbooks;
		};
		453088692AD3D3AE003ED70E /* PBXContainerItemProxy */ = {
			isa = PBXContainerItemProxy;
			containerPortal = 4530883D2AD3D3AD003ED70E /* Project object */;
			proxyType = 1;
			remoteGlobalIDString = 453088442AD3D3AD003ED70E;
			remoteInfo = Starbooks;
		};
/* End PBXContainerItemProxy section */

/* Begin PBXFileReference section */
		453088452AD3D3AD003ED70E /* Starbooks.app */ = {isa = PBXFileReference; explicitFileType = wrapper.application; includeInIndex = 0; path = Starbooks.app; sourceTree = BUILT_PRODUCTS_DIR; };
		453088482AD3D3AD003ED70E /* AppDelegate.swift */ = {isa = PBXFileReference; lastKnownFileType = sourcecode.swift; path = AppDelegate.swift; sourceTree = "<group>"; };
		4530884A2AD3D3AD003ED70E /* SceneDelegate.swift */ = {isa = PBXFileReference; lastKnownFileType = sourcecode.swift; path = SceneDelegate.swift; sourceTree = "<group>"; };
		4530884C2AD3D3AD003ED70E /* ViewController.swift */ = {isa = PBXFileReference; lastKnownFileType = sourcecode.swift; path = ViewController.swift; sourceTree = "<group>"; };
		4530884F2AD3D3AD003ED70E /* Base */ = {isa = PBXFileReference; lastKnownFileType = file.storyboard; name = Base; path = Base.lproj/Main.storyboard; sourceTree = "<group>"; };
		453088522AD3D3AD003ED70E /* Starbooks.xcdatamodel */ = {isa = PBXFileReference; lastKnownFileType = wrapper.xcdatamodel; path = Starbooks.xcdatamodel; sourceTree = "<group>"; };
		453088542AD3D3AE003ED70E /* Assets.xcassets */ = {isa = PBXFileReference; lastKnownFileType = folder.assetcatalog; path = Assets.xcassets; sourceTree = "<group>"; };
		453088572AD3D3AE003ED70E /* Base */ = {isa = PBXFileReference; lastKnownFileType = file.storyboard; name = Base; path = Base.lproj/LaunchScreen.storyboard; sourceTree = "<group>"; };
		453088592AD3D3AE003ED70E /* Info.plist */ = {isa = PBXFileReference; lastKnownFileType = text.plist.xml; path = Info.plist; sourceTree = "<group>"; };
		4530885E2AD3D3AE003ED70E /* StarbooksTests.xctest */ = {isa = PBXFileReference; explicitFileType = wrapper.cfbundle; includeInIndex = 0; path = StarbooksTests.xctest; sourceTree = BUILT_PRODUCTS_DIR; };
		453088622AD3D3AE003ED70E /* StarbooksTests.swift */ = {isa = PBXFileReference; lastKnownFileType = sourcecode.swift; path = StarbooksTests.swift; sourceTree = "<group>"; };
		453088682AD3D3AE003ED70E /* StarbooksUITests.xctest */ = {isa = PBXFileReference; explicitFileType = wrapper.cfbundle; includeInIndex = 0; path = StarbooksUITests.xctest; sourceTree = BUILT_PRODUCTS_DIR; };
		4530886C2AD3D3AE003ED70E /* StarbooksUITests.swift */ = {isa = PBXFileReference; lastKnownFileType = sourcecode.swift; path = StarbooksUITests.swift; sourceTree = "<group>"; };
		4530886E2AD3D3AE003ED70E /* StarbooksUITestsLaunchTests.swift */ = {isa = PBXFileReference; lastKnownFileType = sourcecode.swift; path = StarbooksUITestsLaunchTests.swift; sourceTree = "<group>"; };
/* End PBXFileReference section */

/* Begin PBXFrameworksBuildPhase section */
		453088422AD3D3AD003ED70E /* Frameworks */ = {
			isa = PBXFrameworksBuildPhase;
			buildActionMask = 2147483647;
			files = (
			);
			runOnlyForDeploymentPostprocessing = 0;
		};
		4530885B2AD3D3AE003ED70E /* Frameworks */ = {
			isa = PBXFrameworksBuildPhase;
			buildActionMask = 2147483647;
			files = (
			);
			runOnlyForDeploymentPostprocessing = 0;
		};
		453088652AD3D3AE003ED70E /* Frameworks */ = {
			isa = PBXFrameworksBuildPhase;
			buildActionMask = 2147483647;
			files = (
			);
			runOnlyForDeploymentPostprocessing = 0;
		};
/* End PBXFrameworksBuildPhase section */

/* Begin PBXGroup section */
		4530883C2AD3D3AD003ED70E = {
			isa = PBXGroup;
			children = (
				453088472AD3D3AD003ED70E /* Starbooks */,
				453088612AD3D3AE003ED70E /* StarbooksTests */,
				4530886B2AD3D3AE003ED70E /* StarbooksUITests */,
				453088462AD3D3AD003ED70E /* Products */,
			);
			sourceTree = "<group>";
		};
		453088462AD3D3AD003ED70E /* Products */ = {
			isa = PBXGroup;
			children = (
				453088452AD3D3AD003ED70E /* Starbooks.app */,
				4530885E2AD3D3AE003ED70E /* StarbooksTests.xctest */,
				453088682AD3D3AE003ED70E /* StarbooksUITests.xctest */,
			);
			name = Products;
			sourceTree = "<group>";
		};
		453088472AD3D3AD003ED70E /* Starbooks */ = {
			isa = PBXGroup;
			children = (
				453088482AD3D3AD003ED70E /* AppDelegate.swift */,
				4530884A2AD3D3AD003ED70E /* SceneDelegate.swift */,
				4530884C2AD3D3AD003ED70E /* ViewController.swift */,
				4530884E2AD3D3AD003ED70E /* Main.storyboard */,
				453088542AD3D3AE003ED70E /* Assets.xcassets */,
				453088562AD3D3AE003ED70E /* LaunchScreen.storyboard */,
				453088592AD3D3AE003ED70E /* Info.plist */,
				453088512AD3D3AD003ED70E /* Starbooks.xcdatamodeld */,
			);
			path = Starbooks;
			sourceTree = "<group>";
		};
		453088612AD3D3AE003ED70E /* StarbooksTests */ = {
			isa = PBXGroup;
			children = (
				453088622AD3D3AE003ED70E /* StarbooksTests.swift */,
			);
			path = StarbooksTests;
			sourceTree = "<group>";
		};
		4530886B2AD3D3AE003ED70E /* StarbooksUITests */ = {
			isa = PBXGroup;
			children = (
				4530886C2AD3D3AE003ED70E /* StarbooksUITests.swift */,
				4530886E2AD3D3AE003ED70E /* StarbooksUITestsLaunchTests.swift */,
			);
			path = StarbooksUITests;
			sourceTree = "<group>";
		};
/* End PBXGroup section */

/* Begin PBXNativeTarget section */
		453088442AD3D3AD003ED70E /* Starbooks */ = {
			isa = PBXNativeTarget;
			buildConfigurationList = 453088722AD3D3AE003ED70E /* Build configuration list for PBXNativeTarget "Starbooks" */;
			buildPhases = (
				453088412AD3D3AD003ED70E /* Sources */,
				453088422AD3D3AD003ED70E /* Frameworks */,
				453088432AD3D3AD003ED70E /* Resources */,
			);
			buildRules = (
			);
			dependencies = (
			);
			name = Starbooks;
			productName = Starbooks;
			productReference = 453088452AD3D3AD003ED70E /* Starbooks.app */;
			productType = "com.apple.product-type.application";
		};
		4530885D2AD3D3AE003ED70E /* StarbooksTests */ = {
			isa = PBXNativeTarget;
			buildConfigurationList = 453088752AD3D3AE003ED70E /* Build configuration list for PBXNativeTarget "StarbooksTests" */;
			buildPhases = (
				4530885A2AD3D3AE003ED70E /* Sources */,
				4530885B2AD3D3AE003ED70E /* Frameworks */,
				4530885C2AD3D3AE003ED70E /* Resources */,
			);
			buildRules = (
			);
			dependencies = (
				453088602AD3D3AE003ED70E /* PBXTargetDependency */,
			);
			name = StarbooksTests;
			productName = StarbooksTests;
			productReference = 4530885E2AD3D3AE003ED70E /* StarbooksTests.xctest */;
			productType = "com.apple.product-type.bundle.unit-test";
		};
		453088672AD3D3AE003ED70E /* StarbooksUITests */ = {
			isa = PBXNativeTarget;
			buildConfigurationList = 453088782AD3D3AE003ED70E /* Build configuration list for PBXNativeTarget "StarbooksUITests" */;
			buildPhases = (
				453088642AD3D3AE003ED70E /* Sources */,
				453088652AD3D3AE003ED70E /* Frameworks */,
				453088662AD3D3AE003ED70E /* Resources */,
			);
			buildRules = (
			);
			dependencies = (
				4530886A2AD3D3AE003ED70E /* PBXTargetDependency */,
			);
			name = StarbooksUITests;
			productName = StarbooksUITests;
			productReference = 453088682AD3D3AE003ED70E /* StarbooksUITests.xctest */;
			productType = "com.apple.product-type.bundle.ui-testing";
		};
/* End PBXNativeTarget section */

/* Begin PBXProject section */
		4530883D2AD3D3AD003ED70E /* Project object */ = {
			isa = PBXProject;
			attributes = {
				BuildIndependentTargetsInParallel = 1;
				LastSwiftUpdateCheck = 1430;
				LastUpgradeCheck = 1430;
				TargetAttributes = {
					453088442AD3D3AD003ED70E = {
						CreatedOnToolsVersion = 14.3;
					};
					4530885D2AD3D3AE003ED70E = {
						CreatedOnToolsVersion = 14.3;
						TestTargetID = 453088442AD3D3AD003ED70E;
					};
					453088672AD3D3AE003ED70E = {
						CreatedOnToolsVersion = 14.3;
						TestTargetID = 453088442AD3D3AD003ED70E;
					};
				};
			};
			buildConfigurationList = 453088402AD3D3AD003ED70E /* Build configuration list for PBXProject "Starbooks" */;
			compatibilityVersion = "Xcode 14.0";
			developmentRegion = en;
			hasScannedForEncodings = 0;
			knownRegions = (
				en,
				Base,
			);
			mainGroup = 4530883C2AD3D3AD003ED70E;
			productRefGroup = 453088462AD3D3AD003ED70E /* Products */;
			projectDirPath = "";
			projectRoot = "";
			targets = (
				453088442AD3D3AD003ED70E /* Starbooks */,
				4530885D2AD3D3AE003ED70E /* StarbooksTests */,
				453088672AD3D3AE003ED70E /* StarbooksUITests */,
			);
		};
/* End PBXProject section */

/* Begin PBXResourcesBuildPhase section */
		453088432AD3D3AD003ED70E /* Resources */ = {
			isa = PBXResourcesBuildPhase;
			buildActionMask = 2147483647;
			files = (
				453088582AD3D3AE003ED70E /* LaunchScreen.storyboard in Resources */,
				453088552AD3D3AE003ED70E /* Assets.xcassets in Resources */,
				453088502AD3D3AD003ED70E /* Main.storyboard in Resources */,
			);
			runOnlyForDeploymentPostprocessing = 0;
		};
		4530885C2AD3D3AE003ED70E /* Resources */ = {
			isa = PBXResourcesBuildPhase;
			buildActionMask = 2147483647;
			files = (
			);
			runOnlyForDeploymentPostprocessing = 0;
		};
		453088662AD3D3AE003ED70E /* Resources */ = {
			isa = PBXResourcesBuildPhase;
			buildActionMask = 2147483647;
			files = (
			);
			runOnlyForDeploymentPostprocessing = 0;
		};
/* End PBXResourcesBuildPhase section */

/* Begin PBXSourcesBuildPhase section */
		453088412AD3D3AD003ED70E /* Sources */ = {
			isa = PBXSourcesBuildPhase;
			buildActionMask = 2147483647;
			files = (
				4530884D2AD3D3AD003ED70E /* ViewController.swift in Sources */,
				453088492AD3D3AD003ED70E /* AppDelegate.swift in Sources */,
				453088532AD3D3AD003ED70E /* Starbooks.xcdatamodeld in Sources */,
				4530884B2AD3D3AD003ED70E /* SceneDelegate.swift in Sources */,
			);
			runOnlyForDeploymentPostprocessing = 0;
		};
		4530885A2AD3D3AE003ED70E /* Sources */ = {
			isa = PBXSourcesBuildPhase;
			buildActionMask = 2147483647;
			files = (
				453088632AD3D3AE003ED70E /* StarbooksTests.swift in Sources */,
			);
			runOnlyForDeploymentPostprocessing = 0;
		};
		453088642AD3D3AE003ED70E /* Sources */ = {
			isa = PBXSourcesBuildPhase;
			buildActionMask = 2147483647;
			files = (
				4530886D2AD3D3AE003ED70E /* StarbooksUITests.swift in Sources */,
				4530886F2AD3D3AE003ED70E /* StarbooksUITestsLaunchTests.swift in Sources */,
			);
			runOnlyForDeploymentPostprocessing = 0;
		};
/* End PBXSourcesBuildPhase section */

/* Begin PBXTargetDependency section */
		453088602AD3D3AE003ED70E /* PBXTargetDependency */ = {
			isa = PBXTargetDependency;
			target = 453088442AD3D3AD003ED70E /* Starbooks */;
			targetProxy = 4530885F2AD3D3AE003ED70E /* PBXContainerItemProxy */;
		};
		4530886A2AD3D3AE003ED70E /* PBXTargetDependency */ = {
			isa = PBXTargetDependency;
			target = 453088442AD3D3AD003ED70E /* Starbooks */;
			targetProxy = 453088692AD3D3AE003ED70E /* PBXContainerItemProxy */;
		};
/* End PBXTargetDependency section */

/* Begin PBXVariantGroup section */
		4530884E2AD3D3AD003ED70E /* Main.storyboard */ = {
			isa = PBXVariantGroup;
			children = (
				4530884F2AD3D3AD003ED70E /* Base */,
			);
			name = Main.storyboard;
			sourceTree = "<group>";
		};
		453088562AD3D3AE003ED70E /* LaunchScreen.storyboard */ = {
			isa = PBXVariantGroup;
			children = (
				453088572AD3D3AE003ED70E /* Base */,
			);
			name = LaunchScreen.storyboard;
			sourceTree = "<group>";
		};
/* End PBXVariantGroup section */

/* Begin XCBuildConfiguration section */
		453088702AD3D3AE003ED70E /* Debug */ = {
			isa = XCBuildConfiguration;
			buildSettings = {
				ALWAYS_SEARCH_USER_PATHS = NO;
				CLANG_ANALYZER_NONNULL = YES;
				CLANG_ANALYZER_NUMBER_OBJECT_CONVERSION = YES_AGGRESSIVE;
				CLANG_CXX_LANGUAGE_STANDARD = "gnu++20";
				CLANG_ENABLE_MODULES = YES;
				CLANG_ENABLE_OBJC_ARC = YES;
				CLANG_ENABLE_OBJC_WEAK = YES;
				CLANG_WARN_BLOCK_CAPTURE_AUTORELEASING = YES;
				CLANG_WARN_BOOL_CONVERSION = YES;
				CLANG_WARN_COMMA = YES;
				CLANG_WARN_CONSTANT_CONVERSION = YES;
				CLANG_WARN_DEPRECATED_OBJC_IMPLEMENTATIONS = YES;
				CLANG_WARN_DIRECT_OBJC_ISA_USAGE = YES_ERROR;
				CLANG_WARN_DOCUMENTATION_COMMENTS = YES;
				CLANG_WARN_EMPTY_BODY = YES;
				CLANG_WARN_ENUM_CONVERSION = YES;
				CLANG_WARN_INFINITE_RECURSION = YES;
				CLANG_WARN_INT_CONVERSION = YES;
				CLANG_WARN_NON_LITERAL_NULL_CONVERSION = YES;
				CLANG_WARN_OBJC_IMPLICIT_RETAIN_SELF = YES;
				CLANG_WARN_OBJC_LITERAL_CONVERSION = YES;
				CLANG_WARN_OBJC_ROOT_CLASS = YES_ERROR;
				CLANG_WARN_QUOTED_INCLUDE_IN_FRAMEWORK_HEADER = YES;
				CLANG_WARN_RANGE_LOOP_ANALYSIS = YES;
				CLANG_WARN_STRICT_PROTOTYPES = YES;
				CLANG_WARN_SUSPICIOUS_MOVE = YES;
				CLANG_WARN_UNGUARDED_AVAILABILITY = YES_AGGRESSIVE;
				CLANG_WARN_UNREACHABLE_CODE = YES;
				CLANG_WARN__DUPLICATE_METHOD_MATCH = YES;
				COPY_PHASE_STRIP = NO;
				DEBUG_INFORMATION_FORMAT = dwarf;
				ENABLE_STRICT_OBJC_MSGSEND = YES;
				ENABLE_TESTABILITY = YES;
				GCC_C_LANGUAGE_STANDARD = gnu11;
				GCC_DYNAMIC_NO_PIC = NO;
				GCC_NO_COMMON_BLOCKS = YES;
				GCC_OPTIMIZATION_LEVEL = 0;
				GCC_PREPROCESSOR_DEFINITIONS = (
					"DEBUG=1",
					"$(inherited)",
				);
				GCC_WARN_64_TO_32_BIT_CONVERSION = YES;
				GCC_WARN_ABOUT_RETURN_TYPE = YES_ERROR;
				GCC_WARN_UNDECLARED_SELECTOR = YES;
				GCC_WARN_UNINITIALIZED_AUTOS = YES_AGGRESSIVE;
				GCC_WARN_UNUSED_FUNCTION = YES;
				GCC_WARN_UNUSED_VARIABLE = YES;
				IPHONEOS_DEPLOYMENT_TARGET = 16.4;
				MTL_ENABLE_DEBUG_INFO = INCLUDE_SOURCE;
				MTL_FAST_MATH = YES;
				ONLY_ACTIVE_ARCH = YES;
				SDKROOT = iphoneos;
				SWIFT_ACTIVE_COMPILATION_CONDITIONS = DEBUG;
				SWIFT_OPTIMIZATION_LEVEL = "-Onone";
			};
			name = Debug;
		};
		453088712AD3D3AE003ED70E /* Release */ = {
			isa = XCBuildConfiguration;
			buildSettings = {
				ALWAYS_SEARCH_USER_PATHS = NO;
				CLANG_ANALYZER_NONNULL = YES;
				CLANG_ANALYZER_NUMBER_OBJECT_CONVERSION = YES_AGGRESSIVE;
				CLANG_CXX_LANGUAGE_STANDARD = "gnu++20";
				CLANG_ENABLE_MODULES = YES;
				CLANG_ENABLE_OBJC_ARC = YES;
				CLANG_ENABLE_OBJC_WEAK = YES;
				CLANG_WARN_BLOCK_CAPTURE_AUTORELEASING = YES;
				CLANG_WARN_BOOL_CONVERSION = YES;
				CLANG_WARN_COMMA = YES;
				CLANG_WARN_CONSTANT_CONVERSION = YES;
				CLANG_WARN_DEPRECATED_OBJC_IMPLEMENTATIONS = YES;
				CLANG_WARN_DIRECT_OBJC_ISA_USAGE = YES_ERROR;
				CLANG_WARN_DOCUMENTATION_COMMENTS = YES;
				CLANG_WARN_EMPTY_BODY = YES;
				CLANG_WARN_ENUM_CONVERSION = YES;
				CLANG_WARN_INFINITE_RECURSION = YES;
				CLANG_WARN_INT_CONVERSION = YES;
				CLANG_WARN_NON_LITERAL_NULL_CONVERSION = YES;
				CLANG_WARN_OBJC_IMPLICIT_RETAIN_SELF = YES;
				CLANG_WARN_OBJC_LITERAL_CONVERSION = YES;
				CLANG_WARN_OBJC_ROOT_CLASS = YES_ERROR;
				CLANG_WARN_QUOTED_INCLUDE_IN_FRAMEWORK_HEADER = YES;
				CLANG_WARN_RANGE_LOOP_ANALYSIS = YES;
				CLANG_WARN_STRICT_PROTOTYPES = YES;
				CLANG_WARN_SUSPICIOUS_MOVE = YES;
				CLANG_WARN_UNGUARDED_AVAILABILITY = YES_AGGRESSIVE;
				CLANG_WARN_UNREACHABLE_CODE = YES;
				CLANG_WARN__DUPLICATE_METHOD_MATCH = YES;
				COPY_PHASE_STRIP = NO;
				DEBUG_INFORMATION_FORMAT = "dwarf-with-dsym";
				ENABLE_NS_ASSERTIONS = NO;
				ENABLE_STRICT_OBJC_MSGSEND = YES;
				GCC_C_LANGUAGE_STANDARD = gnu11;
				GCC_NO_COMMON_BLOCKS = YES;
				GCC_WARN_64_TO_32_BIT_CONVERSION = YES;
				GCC_WARN_ABOUT_RETURN_TYPE = YES_ERROR;
				GCC_WARN_UNDECLARED_SELECTOR = YES;
				GCC_WARN_UNINITIALIZED_AUTOS = YES_AGGRESSIVE;
				GCC_WARN_UNUSED_FUNCTION = YES;
				GCC_WARN_UNUSED_VARIABLE = YES;
				IPHONEOS_DEPLOYMENT_TARGET = 16.4;
				MTL_ENABLE_DEBUG_INFO = NO;
				MTL_FAST_MATH = YES;
				SDKROOT = iphoneos;
				SWIFT_COMPILATION_MODE = wholemodule;
				SWIFT_OPTIMIZATION_LEVEL = "-O";
				VALIDATE_PRODUCT = YES;
			};
			name = Release;
		};
		453088732AD3D3AE003ED70E /* Debug */ = {
			isa = XCBuildConfiguration;
			buildSettings = {
				ASSETCATALOG_COMPILER_APPICON_NAME = AppIcon;
				ASSETCATALOG_COMPILER_GLOBAL_ACCENT_COLOR_NAME = AccentColor;
				CODE_SIGN_STYLE = Automatic;
				CURRENT_PROJECT_VERSION = 1;
				DEVELOPMENT_TEAM = 4HT2BE32MC;
				GENERATE_INFOPLIST_FILE = YES;
				INFOPLIST_FILE = Starbooks/Info.plist;
				INFOPLIST_KEY_UIApplicationSupportsIndirectInputEvents = YES;
				INFOPLIST_KEY_UILaunchStoryboardName = LaunchScreen;
				INFOPLIST_KEY_UIMainStoryboardFile = Main;
				INFOPLIST_KEY_UISupportedInterfaceOrientations_iPad = "UIInterfaceOrientationPortrait UIInterfaceOrientationPortraitUpsideDown UIInterfaceOrientationLandscapeLeft UIInterfaceOrientationLandscapeRight";
				INFOPLIST_KEY_UISupportedInterfaceOrientations_iPhone = "UIInterfaceOrientationPortrait UIInterfaceOrientationLandscapeLeft UIInterfaceOrientationLandscapeRight";
				LD_RUNPATH_SEARCH_PATHS = (
					"$(inherited)",
					"@executable_path/Frameworks",
				);
				MARKETING_VERSION = 1.0;
				PRODUCT_BUNDLE_IDENTIFIER = com.elly.Starbooks;
				PRODUCT_NAME = "$(TARGET_NAME)";
				SWIFT_EMIT_LOC_STRINGS = YES;
				SWIFT_VERSION = 5.0;
				TARGETED_DEVICE_FAMILY = "1,2";
			};
			name = Debug;
		};
		453088742AD3D3AE003ED70E /* Release */ = {
			isa = XCBuildConfiguration;
			buildSettings = {
				ASSETCATALOG_COMPILER_APPICON_NAME = AppIcon;
				ASSETCATALOG_COMPILER_GLOBAL_ACCENT_COLOR_NAME = AccentColor;
				CODE_SIGN_STYLE = Automatic;
				CURRENT_PROJECT_VERSION = 1;
				DEVELOPMENT_TEAM = 4HT2BE32MC;
				GENERATE_INFOPLIST_FILE = YES;
				INFOPLIST_FILE = Starbooks/Info.plist;
				INFOPLIST_KEY_UIApplicationSupportsIndirectInputEvents = YES;
				INFOPLIST_KEY_UILaunchStoryboardName = LaunchScreen;
				INFOPLIST_KEY_UIMainStoryboardFile = Main;
				INFOPLIST_KEY_UISupportedInterfaceOrientations_iPad = "UIInterfaceOrientationPortrait UIInterfaceOrientationPortraitUpsideDown UIInterfaceOrientationLandscapeLeft UIInterfaceOrientationLandscapeRight";
				INFOPLIST_KEY_UISupportedInterfaceOrientations_iPhone = "UIInterfaceOrientationPortrait UIInterfaceOrientationLandscapeLeft UIInterfaceOrientationLandscapeRight";
				LD_RUNPATH_SEARCH_PATHS = (
					"$(inherited)",
					"@executable_path/Frameworks",
				);
				MARKETING_VERSION = 1.0;
				PRODUCT_BUNDLE_IDENTIFIER = com.elly.Starbooks;
				PRODUCT_NAME = "$(TARGET_NAME)";
				SWIFT_EMIT_LOC_STRINGS = YES;
				SWIFT_VERSION = 5.0;
				TARGETED_DEVICE_FAMILY = "1,2";
			};
			name = Release;
		};
		453088762AD3D3AE003ED70E /* Debug */ = {
			isa = XCBuildConfiguration;
			buildSettings = {
				ALWAYS_EMBED_SWIFT_STANDARD_LIBRARIES = YES;
				BUNDLE_LOADER = "$(TEST_HOST)";
				CODE_SIGN_STYLE = Automatic;
				CURRENT_PROJECT_VERSION = 1;
				DEVELOPMENT_TEAM = 4HT2BE32MC;
				GENERATE_INFOPLIST_FILE = YES;
				IPHONEOS_DEPLOYMENT_TARGET = 16.4;
				MARKETING_VERSION = 1.0;
				PRODUCT_BUNDLE_IDENTIFIER = com.elly.StarbooksTests;
				PRODUCT_NAME = "$(TARGET_NAME)";
				SWIFT_EMIT_LOC_STRINGS = NO;
				SWIFT_VERSION = 5.0;
				TARGETED_DEVICE_FAMILY = "1,2";
				TEST_HOST = "$(BUILT_PRODUCTS_DIR)/Starbooks.app/$(BUNDLE_EXECUTABLE_FOLDER_PATH)/Starbooks";
			};
			name = Debug;
		};
		453088772AD3D3AE003ED70E /* Release */ = {
			isa = XCBuildConfiguration;
			buildSettings = {
				ALWAYS_EMBED_SWIFT_STANDARD_LIBRARIES = YES;
				BUNDLE_LOADER = "$(TEST_HOST)";
				CODE_SIGN_STYLE = Automatic;
				CURRENT_PROJECT_VERSION = 1;
				DEVELOPMENT_TEAM = 4HT2BE32MC;
				GENERATE_INFOPLIST_FILE = YES;
				IPHONEOS_DEPLOYMENT_TARGET = 16.4;
				MARKETING_VERSION = 1.0;
				PRODUCT_BUNDLE_IDENTIFIER = com.elly.StarbooksTests;
				PRODUCT_NAME = "$(TARGET_NAME)";
				SWIFT_EMIT_LOC_STRINGS = NO;
				SWIFT_VERSION = 5.0;
				TARGETED_DEVICE_FAMILY = "1,2";
				TEST_HOST = "$(BUILT_PRODUCTS_DIR)/Starbooks.app/$(BUNDLE_EXECUTABLE_FOLDER_PATH)/Starbooks";
			};
			name = Release;
		};
		453088792AD3D3AE003ED70E /* Debug */ = {
			isa = XCBuildConfiguration;
			buildSettings = {
				ALWAYS_EMBED_SWIFT_STANDARD_LIBRARIES = YES;
				CODE_SIGN_STYLE = Automatic;
				CURRENT_PROJECT_VERSION = 1;
				DEVELOPMENT_TEAM = 4HT2BE32MC;
				GENERATE_INFOPLIST_FILE = YES;
				MARKETING_VERSION = 1.0;
				PRODUCT_BUNDLE_IDENTIFIER = com.elly.StarbooksUITests;
				PRODUCT_NAME = "$(TARGET_NAME)";
				SWIFT_EMIT_LOC_STRINGS = NO;
				SWIFT_VERSION = 5.0;
				TARGETED_DEVICE_FAMILY = "1,2";
				TEST_TARGET_NAME = Starbooks;
			};
			name = Debug;
		};
		4530887A2AD3D3AE003ED70E /* Release */ = {
			isa = XCBuildConfiguration;
			buildSettings = {
				ALWAYS_EMBED_SWIFT_STANDARD_LIBRARIES = YES;
				CODE_SIGN_STYLE = Automatic;
				CURRENT_PROJECT_VERSION = 1;
				DEVELOPMENT_TEAM = 4HT2BE32MC;
				GENERATE_INFOPLIST_FILE = YES;
				MARKETING_VERSION = 1.0;
				PRODUCT_BUNDLE_IDENTIFIER = com.elly.StarbooksUITests;
				PRODUCT_NAME = "$(TARGET_NAME)";
				SWIFT_EMIT_LOC_STRINGS = NO;
				SWIFT_VERSION = 5.0;
				TARGETED_DEVICE_FAMILY = "1,2";
				TEST_TARGET_NAME = Starbooks;
			};
			name = Release;
		};
/* End XCBuildConfiguration section */

/* Begin XCConfigurationList section */
		453088402AD3D3AD003ED70E /* Build configuration list for PBXProject "Starbooks" */ = {
			isa = XCConfigurationList;
			buildConfigurations = (
				453088702AD3D3AE003ED70E /* Debug */,
				453088712AD3D3AE003ED70E /* Release */,
			);
			defaultConfigurationIsVisible = 0;
			defaultConfigurationName = Release;
		};
		453088722AD3D3AE003ED70E /* Build configuration list for PBXNativeTarget "Starbooks" */ = {
			isa = XCConfigurationList;
			buildConfigurations = (
				453088732AD3D3AE003ED70E /* Debug */,
				453088742AD3D3AE003ED70E /* Release */,
			);
			defaultConfigurationIsVisible = 0;
			defaultConfigurationName = Release;
		};
		453088752AD3D3AE003ED70E /* Build configuration list for PBXNativeTarget "StarbooksTests" */ = {
			isa = XCConfigurationList;
			buildConfigurations = (
				453088762AD3D3AE003ED70E /* Debug */,
				453088772AD3D3AE003ED70E /* Release */,
			);
			defaultConfigurationIsVisible = 0;
			defaultConfigurationName = Release;
		};
		453088782AD3D3AE003ED70E /* Build configuration list for PBXNativeTarget "StarbooksUITests" */ = {
			isa = XCConfigurationList;
			buildConfigurations = (
				453088792AD3D3AE003ED70E /* Debug */,
				4530887A2AD3D3AE003ED70E /* Release */,
			);
			defaultConfigurationIsVisible = 0;
			defaultConfigurationName = Release;
		};
/* End XCConfigurationList section */

/* Begin XCVersionGroup section */
		453088512AD3D3AD003ED70E /* Starbooks.xcdatamodeld */ = {
			isa = XCVersionGroup;
			children = (
				453088522AD3D3AD003ED70E /* Starbooks.xcdatamodel */,
			);
			currentVersion = 453088522AD3D3AD003ED70E /* Starbooks.xcdatamodel */;
			path = Starbooks.xcdatamodeld;
			sourceTree = "<group>";
			versionGroupType = wrapper.xcdatamodel;
		};
/* End XCVersionGroup section */
	};
	rootObject = 4530883D2AD3D3AD003ED70E /* Project object */;
}
